
Microsoft Visual Studio Solution File, Format Version 11.00
# Visual Studio 2010
Project("{FAE04EC0-301F-11D3-BF4B-00C04F79EFBC}") = "WorldMapXAML", "WorldMapXAML\WorldMapXAML.csproj", "{9dfa6e15-37f9-409c-845f-954db1b1d735}"
EndProject
Global
	GlobalSection(SolutionConfigurationPlatforms) = preSolution
		Debug|Any CPU = Debug|Any CPU
		Release|Any CPU = Release|Any CPU
	EndGlobalSection
	GlobalSection(ProjectConfigurationPlatforms) = postSolution
		{9DFA6E15-37F9-409C-845F-954DB1B1D735}.Debug|Any CPU.ActiveCfg = Debug|Any CPU
		{9DFA6E15-37F9-409C-845F-954DB1B1D735}.Debug|Any CPU.Build.0 = Debug|Any CPU
		{9DFA6E15-37F9-409C-845F-954DB1B1D735}.Release|Any CPU.ActiveCfg = Release|Any CPU
		{9DFA6E15-37F9-409C-845F-954DB1B1D735}.Release|Any CPU.Build.0 = Release|Any CPU
	EndGlobalSection
EndGlobal
